
Microsoft Visual Studio Solution File, Format Version 12.00
# Visual Studio 2012
Project("{FAE04EC0-301F-11D3-BF4B-00C04F79EFBC}") = "kinectPrzewodnik", "GettingStarted\kinectPrzewodnik.csproj", "{62CD16C9-FF0A-4689-891D-00E0284868F1}"
EndProject
Global
	GlobalSection(SolutionConfigurationPlatforms) = preSolution
		Debug|Any CPU = Debug|Any CPU
		Release|Any CPU = Release|Any CPU
	EndGlobalSection
	GlobalSection(ProjectConfigurationPlatforms) = postSolution
		{62CD16C9-FF0A-4689-891D-00E0284868F1}.Debug|Any CPU.ActiveCfg = Debug|Any CPU
		{62CD16C9-FF0A-4689-891D-00E0284868F1}.Debug|Any CPU.Build.0 = Debug|Any CPU
		{62CD16C9-FF0A-4689-891D-00E0284868F1}.Release|Any CPU.ActiveCfg = Release|Any CPU
		{62CD16C9-FF0A-4689-891D-00E0284868F1}.Release|Any CPU.Build.0 = Release|Any CPU
	EndGlobalSection
	GlobalSection(SolutionProperties) = preSolution
		HideSolutionNode = FALSE
	EndGlobalSection
EndGlobal
